// !$*UTF8*$!
{
	archiveVersion = 1;
	classes = {
	};
	objectVersion = 46;
	objects = {

/* Begin PBXBuildFile section */
		8C47623C1E668DC2004D0F6B /* ProfileViewController.swift in Sources */ = {isa = PBXBuildFile; fileRef = 8C47623B1E668DC2004D0F6B /* ProfileViewController.swift */; };
		8C4BB6C11E6E349500A41CAB /* ComposeViewController.swift in Sources */ = {isa = PBXBuildFile; fileRef = 8C4BB6C01E6E349500A41CAB /* ComposeViewController.swift */; };
		8C7D38941E64234700E3AD8E /* AppDelegate.swift in Sources */ = {isa = PBXBuildFile; fileRef = 8C7D38931E64234700E3AD8E /* AppDelegate.swift */; };
		8C7D38961E64234700E3AD8E /* ViewController.swift in Sources */ = {isa = PBXBuildFile; fileRef = 8C7D38951E64234700E3AD8E /* ViewController.swift */; };
		8C7D38991E64234700E3AD8E /* Main.storyboard in Resources */ = {isa = PBXBuildFile; fileRef = 8C7D38971E64234700E3AD8E /* Main.storyboard */; };
		8C7D389B1E64234700E3AD8E /* Assets.xcassets in Resources */ = {isa = PBXBuildFile; fileRef = 8C7D389A1E64234700E3AD8E /* Assets.xcassets */; };
		8C7D389E1E64234700E3AD8E /* LaunchScreen.storyboard in Resources */ = {isa = PBXBuildFile; fileRef = 8C7D389C1E64234700E3AD8E /* LaunchScreen.storyboard */; };
		8C7D38A61E64263C00E3AD8E /* LoginViewController.swift in Sources */ = {isa = PBXBuildFile; fileRef = 8C7D38A51E64263C00E3AD8E /* LoginViewController.swift */; };
		8C7D38AB1E64EC6900E3AD8E /* User.swift in Sources */ = {isa = PBXBuildFile; fileRef = 8C7D38AA1E64EC6900E3AD8E /* User.swift */; };
		8C7D38AD1E64EC7100E3AD8E /* Tweet.swift in Sources */ = {isa = PBXBuildFile; fileRef = 8C7D38AC1E64EC7100E3AD8E /* Tweet.swift */; };
		8C7D38AF1E64F2A000E3AD8E /* TwitterClient.swift in Sources */ = {isa = PBXBuildFile; fileRef = 8C7D38AE1E64F2A000E3AD8E /* TwitterClient.swift */; };
		8C7D38B11E64FEF200E3AD8E /* TweetsViewController.swift in Sources */ = {isa = PBXBuildFile; fileRef = 8C7D38B01E64FEF200E3AD8E /* TweetsViewController.swift */; };
		8C7D38B41E65267800E3AD8E /* TweetCell.swift in Sources */ = {isa = PBXBuildFile; fileRef = 8C7D38B31E65267800E3AD8E /* TweetCell.swift */; };
		8CC595911E6CF91A0012AEFA /* TweetViewController.swift in Sources */ = {isa = PBXBuildFile; fileRef = 8CC595901E6CF91A0012AEFA /* TweetViewController.swift */; };
		A152D336BC3A8BE8D3ECD7AD /* Pods_TweeterTwatter.framework in Frameworks */ = {isa = PBXBuildFile; fileRef = C20A66BF963A26031D9A29B0 /* Pods_TweeterTwatter.framework */; };
/* End PBXBuildFile section */

/* Begin PBXFileReference section */
		8C47623B1E668DC2004D0F6B /* ProfileViewController.swift */ = {isa = PBXFileReference; fileEncoding = 4; lastKnownFileType = sourcecode.swift; path = ProfileViewController.swift; sourceTree = "<group>"; };
		8C4BB6C01E6E349500A41CAB /* ComposeViewController.swift */ = {isa = PBXFileReference; fileEncoding = 4; lastKnownFileType = sourcecode.swift; path = ComposeViewController.swift; sourceTree = "<group>"; };
		8C7D38901E64234700E3AD8E /* TweeterTwatter.app */ = {isa = PBXFileReference; explicitFileType = wrapper.application; includeInIndex = 0; path = TweeterTwatter.app; sourceTree = BUILT_PRODUCTS_DIR; };
		8C7D38931E64234700E3AD8E /* AppDelegate.swift */ = {isa = PBXFileReference; lastKnownFileType = sourcecode.swift; path = AppDelegate.swift; sourceTree = "<group>"; };
		8C7D38951E64234700E3AD8E /* ViewController.swift */ = {isa = PBXFileReference; lastKnownFileType = sourcecode.swift; path = ViewController.swift; sourceTree = "<group>"; };
		8C7D38981E64234700E3AD8E /* Base */ = {isa = PBXFileReference; lastKnownFileType = file.storyboard; name = Base; path = Base.lproj/Main.storyboard; sourceTree = "<group>"; };
		8C7D389A1E64234700E3AD8E /* Assets.xcassets */ = {isa = PBXFileReference; lastKnownFileType = folder.assetcatalog; path = Assets.xcassets; sourceTree = "<group>"; };
		8C7D389D1E64234700E3AD8E /* Base */ = {isa = PBXFileReference; lastKnownFileType = file.storyboard; name = Base; path = Base.lproj/LaunchScreen.storyboard; sourceTree = "<group>"; };
		8C7D389F1E64234700E3AD8E /* Info.plist */ = {isa = PBXFileReference; lastKnownFileType = text.plist.xml; path = Info.plist; sourceTree = "<group>"; };
		8C7D38A51E64263C00E3AD8E /* LoginViewController.swift */ = {isa = PBXFileReference; fileEncoding = 4; lastKnownFileType = sourcecode.swift; path = LoginViewController.swift; sourceTree = "<group>"; };
		8C7D38AA1E64EC6900E3AD8E /* User.swift */ = {isa = PBXFileReference; fileEncoding = 4; lastKnownFileType = sourcecode.swift; path = User.swift; sourceTree = "<group>"; };
		8C7D38AC1E64EC7100E3AD8E /* Tweet.swift */ = {isa = PBXFileReference; fileEncoding = 4; lastKnownFileType = sourcecode.swift; path = Tweet.swift; sourceTree = "<group>"; };
		8C7D38AE1E64F2A000E3AD8E /* TwitterClient.swift */ = {isa = PBXFileReference; fileEncoding = 4; lastKnownFileType = sourcecode.swift; path = TwitterClient.swift; sourceTree = "<group>"; };
		8C7D38B01E64FEF200E3AD8E /* TweetsViewController.swift */ = {isa = PBXFileReference; fileEncoding = 4; lastKnownFileType = sourcecode.swift; path = TweetsViewController.swift; sourceTree = "<group>"; };
		8C7D38B31E65267800E3AD8E /* TweetCell.swift */ = {isa = PBXFileReference; fileEncoding = 4; lastKnownFileType = sourcecode.swift; path = TweetCell.swift; sourceTree = "<group>"; };
		8CC595901E6CF91A0012AEFA /* TweetViewController.swift */ = {isa = PBXFileReference; fileEncoding = 4; lastKnownFileType = sourcecode.swift; path = TweetViewController.swift; sourceTree = "<group>"; };
		C20A66BF963A26031D9A29B0 /* Pods_TweeterTwatter.framework */ = {isa = PBXFileReference; explicitFileType = wrapper.framework; includeInIndex = 0; path = Pods_TweeterTwatter.framework; sourceTree = BUILT_PRODUCTS_DIR; };
		EF04D2E47CB546497CAC2069 /* Pods-TweeterTwatter.release.xcconfig */ = {isa = PBXFileReference; includeInIndex = 1; lastKnownFileType = text.xcconfig; name = "Pods-TweeterTwatter.release.xcconfig"; path = "Pods/Target Support Files/Pods-TweeterTwatter/Pods-TweeterTwatter.release.xcconfig"; sourceTree = "<group>"; };
		F156073EEC67316EA33BA6C9 /* Pods-TweeterTwatter.debug.xcconfig */ = {isa = PBXFileReference; includeInIndex = 1; lastKnownFileType = text.xcconfig; name = "Pods-TweeterTwatter.debug.xcconfig"; path = "Pods/Target Support Files/Pods-TweeterTwatter/Pods-TweeterTwatter.debug.xcconfig"; sourceTree = "<group>"; };
/* End PBXFileReference section */

/* Begin PBXFrameworksBuildPhase section */
		8C7D388D1E64234700E3AD8E /* Frameworks */ = {
			isa = PBXFrameworksBuildPhase;
			buildActionMask = 2147483647;
			files = (
				A152D336BC3A8BE8D3ECD7AD /* Pods_TweeterTwatter.framework in Frameworks */,
			);
			runOnlyForDeploymentPostprocessing = 0;
		};
/* End PBXFrameworksBuildPhase section */

/* Begin PBXGroup section */
		1AB59A864775A87CFBE5568C /* Pods */ = {
			isa = PBXGroup;
			children = (
				F156073EEC67316EA33BA6C9 /* Pods-TweeterTwatter.debug.xcconfig */,
				EF04D2E47CB546497CAC2069 /* Pods-TweeterTwatter.release.xcconfig */,
			);
			name = Pods;
			sourceTree = "<group>";
		};
		1BD7C6B3B30E155AB67BA079 /* Frameworks */ = {
			isa = PBXGroup;
			children = (
				C20A66BF963A26031D9A29B0 /* Pods_TweeterTwatter.framework */,
			);
			name = Frameworks;
			sourceTree = "<group>";
		};
		8C7D38871E64234700E3AD8E = {
			isa = PBXGroup;
			children = (
				8C7D38921E64234700E3AD8E /* TweeterTwatter */,
				8C7D38911E64234700E3AD8E /* Products */,
				1AB59A864775A87CFBE5568C /* Pods */,
				1BD7C6B3B30E155AB67BA079 /* Frameworks */,
			);
			sourceTree = "<group>";
		};
		8C7D38911E64234700E3AD8E /* Products */ = {
			isa = PBXGroup;
			children = (
				8C7D38901E64234700E3AD8E /* TweeterTwatter.app */,
			);
			name = Products;
			sourceTree = "<group>";
		};
		8C7D38921E64234700E3AD8E /* TweeterTwatter */ = {
			isa = PBXGroup;
			children = (
				8C7D38B21E65261300E3AD8E /* Views */,
				8C7D38A91E64EC4600E3AD8E /* API */,
				8C7D38A81E64EC3800E3AD8E /* View Controller */,
				8C7D38A71E64EC2E00E3AD8E /* Models */,
				8C7D38931E64234700E3AD8E /* AppDelegate.swift */,
				8C7D38971E64234700E3AD8E /* Main.storyboard */,
				8C7D389A1E64234700E3AD8E /* Assets.xcassets */,
				8C7D389C1E64234700E3AD8E /* LaunchScreen.storyboard */,
				8C7D389F1E64234700E3AD8E /* Info.plist */,
			);
			path = TweeterTwatter;
			sourceTree = "<group>";
		};
		8C7D38A71E64EC2E00E3AD8E /* Models */ = {
			isa = PBXGroup;
			children = (
				8C7D38AA1E64EC6900E3AD8E /* User.swift */,
				8C7D38AC1E64EC7100E3AD8E /* Tweet.swift */,
			);
			name = Models;
			sourceTree = "<group>";
		};
		8C7D38A81E64EC3800E3AD8E /* View Controller */ = {
			isa = PBXGroup;
			children = (
				8C7D38951E64234700E3AD8E /* ViewController.swift */,
				8C7D38A51E64263C00E3AD8E /* LoginViewController.swift */,
				8C7D38B01E64FEF200E3AD8E /* TweetsViewController.swift */,
				8C47623B1E668DC2004D0F6B /* ProfileViewController.swift */,
				8CC595901E6CF91A0012AEFA /* TweetViewController.swift */,
				8C4BB6C01E6E349500A41CAB /* ComposeViewController.swift */,
			);
			name = "View Controller";
			sourceTree = "<group>";
		};
		8C7D38A91E64EC4600E3AD8E /* API */ = {
			isa = PBXGroup;
			children = (
				8C7D38AE1E64F2A000E3AD8E /* TwitterClient.swift */,
			);
			name = API;
			sourceTree = "<group>";
		};
		8C7D38B21E65261300E3AD8E /* Views */ = {
			isa = PBXGroup;
			children = (
				8C7D38B31E65267800E3AD8E /* TweetCell.swift */,
			);
			name = Views;
			sourceTree = "<group>";
		};
/* End PBXGroup section */

/* Begin PBXNativeTarget section */
		8C7D388F1E64234700E3AD8E /* TweeterTwatter */ = {
			isa = PBXNativeTarget;
			buildConfigurationList = 8C7D38A21E64234700E3AD8E /* Build configuration list for PBXNativeTarget "TweeterTwatter" */;
			buildPhases = (
				0F3D88917B0E9880C2020CEF /* [CP] Check Pods Manifest.lock */,
				8C7D388C1E64234700E3AD8E /* Sources */,
				8C7D388D1E64234700E3AD8E /* Frameworks */,
				8C7D388E1E64234700E3AD8E /* Resources */,
				585BBD34BCE5859502DD223E /* [CP] Embed Pods Frameworks */,
				E1A3A2BAA8F054A1CEC26E7E /* [CP] Copy Pods Resources */,
			);
			buildRules = (
			);
			dependencies = (
			);
			name = TweeterTwatter;
			productName = TweeterTwatter;
			productReference = 8C7D38901E64234700E3AD8E /* TweeterTwatter.app */;
			productType = "com.apple.product-type.application";
		};
/* End PBXNativeTarget section */

/* Begin PBXProject section */
		8C7D38881E64234700E3AD8E /* Project object */ = {
			isa = PBXProject;
			attributes = {
				LastSwiftUpdateCheck = 0820;
				LastUpgradeCheck = 0820;
				ORGANIZATIONNAME = "Daniel Sung";
				TargetAttributes = {
					8C7D388F1E64234700E3AD8E = {
						CreatedOnToolsVersion = 8.2.1;
						ProvisioningStyle = Automatic;
					};
				};
			};
			buildConfigurationList = 8C7D388B1E64234700E3AD8E /* Build configuration list for PBXProject "TweeterTwatter" */;
			compatibilityVersion = "Xcode 3.2";
			developmentRegion = English;
			hasScannedForEncodings = 0;
			knownRegions = (
				en,
				Base,
			);
			mainGroup = 8C7D38871E64234700E3AD8E;
			productRefGroup = 8C7D38911E64234700E3AD8E /* Products */;
			projectDirPath = "";
			projectRoot = "";
			targets = (
				8C7D388F1E64234700E3AD8E /* TweeterTwatter */,
			);
		};
/* End PBXProject section */

/* Begin PBXResourcesBuildPhase section */
		8C7D388E1E64234700E3AD8E /* Resources */ = {
			isa = PBXResourcesBuildPhase;
			buildActionMask = 2147483647;
			files = (
				8C7D389E1E64234700E3AD8E /* LaunchScreen.storyboard in Resources */,
				8C7D389B1E64234700E3AD8E /* Assets.xcassets in Resources */,
				8C7D38991E64234700E3AD8E /* Main.storyboard in Resources */,
			);
			runOnlyForDeploymentPostprocessing = 0;
		};
/* End PBXResourcesBuildPhase section */

/* Begin PBXShellScriptBuildPhase section */
		0F3D88917B0E9880C2020CEF /* [CP] Check Pods Manifest.lock */ = {
			isa = PBXShellScriptBuildPhase;
			buildActionMask = 2147483647;
			files = (
			);
			inputPaths = (
			);
			name = "[CP] Check Pods Manifest.lock";
			outputPaths = (
			);
			runOnlyForDeploymentPostprocessing = 0;
			shellPath = /bin/sh;
			shellScript = "diff \"${PODS_ROOT}/../Podfile.lock\" \"${PODS_ROOT}/Manifest.lock\" > /dev/null\nif [ $? != 0 ] ; then\n    # print error to STDERR\n    echo \"error: The sandbox is not in sync with the Podfile.lock. Run 'pod install' or update your CocoaPods installation.\" >&2\n    exit 1\nfi\n";
			showEnvVarsInLog = 0;
		};
		585BBD34BCE5859502DD223E /* [CP] Embed Pods Frameworks */ = {
			isa = PBXShellScriptBuildPhase;
			buildActionMask = 2147483647;
			files = (
			);
			inputPaths = (
			);
			name = "[CP] Embed Pods Frameworks";
			outputPaths = (
			);
			runOnlyForDeploymentPostprocessing = 0;
			shellPath = /bin/sh;
			shellScript = "\"${SRCROOT}/Pods/Target Support Files/Pods-TweeterTwatter/Pods-TweeterTwatter-frameworks.sh\"\n";
			showEnvVarsInLog = 0;
		};
		E1A3A2BAA8F054A1CEC26E7E /* [CP] Copy Pods Resources */ = {
			isa = PBXShellScriptBuildPhase;
			buildActionMask = 2147483647;
			files = (
			);
			inputPaths = (
			);
			name = "[CP] Copy Pods Resources";
			outputPaths = (
			);
			runOnlyForDeploymentPostprocessing = 0;
			shellPath = /bin/sh;
			shellScript = "\"${SRCROOT}/Pods/Target Support Files/Pods-TweeterTwatter/Pods-TweeterTwatter-resources.sh\"\n";
			showEnvVarsInLog = 0;
		};
/* End PBXShellScriptBuildPhase section */

/* Begin PBXSourcesBuildPhase section */
		8C7D388C1E64234700E3AD8E /* Sources */ = {
			isa = PBXSourcesBuildPhase;
			buildActionMask = 2147483647;
			files = (
				8C7D38AB1E64EC6900E3AD8E /* User.swift in Sources */,
				8C7D38AD1E64EC7100E3AD8E /* Tweet.swift in Sources */,
				8CC595911E6CF91A0012AEFA /* TweetViewController.swift in Sources */,
				8C7D38A61E64263C00E3AD8E /* LoginViewController.swift in Sources */,
				8C7D38B41E65267800E3AD8E /* TweetCell.swift in Sources */,
				8C7D38961E64234700E3AD8E /* ViewController.swift in Sources */,
				8C4BB6C11E6E349500A41CAB /* ComposeViewController.swift in Sources */,
				8C7D38B11E64FEF200E3AD8E /* TweetsViewController.swift in Sources */,
				8C47623C1E668DC2004D0F6B /* ProfileViewController.swift in Sources */,
				8C7D38AF1E64F2A000E3AD8E /* TwitterClient.swift in Sources */,
				8C7D38941E64234700E3AD8E /* AppDelegate.swift in Sources */,
			);
			runOnlyForDeploymentPostprocessing = 0;
		};
/* End PBXSourcesBuildPhase section */

/* Begin PBXVariantGroup section */
		8C7D38971E64234700E3AD8E /* Main.storyboard */ = {
			isa = PBXVariantGroup;
			children = (
				8C7D38981E64234700E3AD8E /* Base */,
			);
			name = Main.storyboard;
			sourceTree = "<group>";
		};
		8C7D389C1E64234700E3AD8E /* LaunchScreen.storyboard */ = {
			isa = PBXVariantGroup;
			children = (
				8C7D389D1E64234700E3AD8E /* Base */,
			);
			name = LaunchScreen.storyboard;
			sourceTree = "<group>";
		};
/* End PBXVariantGroup section */

/* Begin XCBuildConfiguration section */
		8C7D38A01E64234700E3AD8E /* Debug */ = {
			isa = XCBuildConfiguration;
			buildSettings = {
				ALWAYS_SEARCH_USER_PATHS = NO;
				CLANG_ANALYZER_NONNULL = YES;
				CLANG_CXX_LANGUAGE_STANDARD = "gnu++0x";
				CLANG_CXX_LIBRARY = "libc++";
				CLANG_ENABLE_MODULES = YES;
				CLANG_ENABLE_OBJC_ARC = YES;
				CLANG_WARN_BOOL_CONVERSION = YES;
				CLANG_WARN_CONSTANT_CONVERSION = YES;
				CLANG_WARN_DIRECT_OBJC_ISA_USAGE = YES_ERROR;
				CLANG_WARN_DOCUMENTATION_COMMENTS = YES;
				CLANG_WARN_EMPTY_BODY = YES;
				CLANG_WARN_ENUM_CONVERSION = YES;
				CLANG_WARN_INFINITE_RECURSION = YES;
				CLANG_WARN_INT_CONVERSION = YES;
				CLANG_WARN_OBJC_ROOT_CLASS = YES_ERROR;
				CLANG_WARN_SUSPICIOUS_MOVE = YES;
				CLANG_WARN_UNREACHABLE_CODE = YES;
				CLANG_WARN__DUPLICATE_METHOD_MATCH = YES;
				"CODE_SIGN_IDENTITY[sdk=iphoneos*]" = "iPhone Developer";
				COPY_PHASE_STRIP = NO;
				DEBUG_INFORMATION_FORMAT = dwarf;
				ENABLE_STRICT_OBJC_MSGSEND = YES;
				ENABLE_TESTABILITY = YES;
				GCC_C_LANGUAGE_STANDARD = gnu99;
				GCC_DYNAMIC_NO_PIC = NO;
				GCC_NO_COMMON_BLOCKS = YES;
				GCC_OPTIMIZATION_LEVEL = 0;
				GCC_PREPROCESSOR_DEFINITIONS = (
					"DEBUG=1",
					"$(inherited)",
				);
				GCC_WARN_64_TO_32_BIT_CONVERSION = YES;
				GCC_WARN_ABOUT_RETURN_TYPE = YES_ERROR;
				GCC_WARN_UNDECLARED_SELECTOR = YES;
				GCC_WARN_UNINITIALIZED_AUTOS = YES_AGGRESSIVE;
				GCC_WARN_UNUSED_FUNCTION = YES;
				GCC_WARN_UNUSED_VARIABLE = YES;
				IPHONEOS_DEPLOYMENT_TARGET = 10.2;
				MTL_ENABLE_DEBUG_INFO = YES;
				ONLY_ACTIVE_ARCH = YES;
				SDKROOT = iphoneos;
				SWIFT_ACTIVE_COMPILATION_CONDITIONS = DEBUG;
				SWIFT_OPTIMIZATION_LEVEL = "-Onone";
				TARGETED_DEVICE_FAMILY = "1,2";
			};
			name = Debug;
		};
		8C7D38A11E64234700E3AD8E /* Release */ = {
			isa = XCBuildConfiguration;
			buildSettings = {
				ALWAYS_SEARCH_USER_PATHS = NO;
				CLANG_ANALYZER_NONNULL = YES;
				CLANG_CXX_LANGUAGE_STANDARD = "gnu++0x";
				CLANG_CXX_LIBRARY = "libc++";
				CLANG_ENABLE_MODULES = YES;
				CLANG_ENABLE_OBJC_ARC = YES;
				CLANG_WARN_BOOL_CONVERSION = YES;
				CLANG_WARN_CONSTANT_CONVERSION = YES;
				CLANG_WARN_DIRECT_OBJC_ISA_USAGE = YES_ERROR;
				CLANG_WARN_DOCUMENTATION_COMMENTS = YES;
				CLANG_WARN_EMPTY_BODY = YES;
				CLANG_WARN_ENUM_CONVERSION = YES;
				CLANG_WARN_INFINITE_RECURSION = YES;
				CLANG_WARN_INT_CONVERSION = YES;
				CLANG_WARN_OBJC_ROOT_CLASS = YES_ERROR;
				CLANG_WARN_SUSPICIOUS_MOVE = YES;
				CLANG_WARN_UNREACHABLE_CODE = YES;
				CLANG_WARN__DUPLICATE_METHOD_MATCH = YES;
				"CODE_SIGN_IDENTITY[sdk=iphoneos*]" = "iPhone Developer";
				COPY_PHASE_STRIP = NO;
				DEBUG_INFORMATION_FORMAT = "dwarf-with-dsym";
				ENABLE_NS_ASSERTIONS = NO;
				ENABLE_STRICT_OBJC_MSGSEND = YES;
				GCC_C_LANGUAGE_STANDARD = gnu99;
				GCC_NO_COMMON_BLOCKS = YES;
				GCC_WARN_64_TO_32_BIT_CONVERSION = YES;
				GCC_WARN_ABOUT_RETURN_TYPE = YES_ERROR;
				GCC_WARN_UNDECLARED_SELECTOR = YES;
				GCC_WARN_UNINITIALIZED_AUTOS = YES_AGGRESSIVE;
				GCC_WARN_UNUSED_FUNCTION = YES;
				GCC_WARN_UNUSED_VARIABLE = YES;
				IPHONEOS_DEPLOYMENT_TARGET = 10.2;
				MTL_ENABLE_DEBUG_INFO = NO;
				SDKROOT = iphoneos;
				SWIFT_OPTIMIZATION_LEVEL = "-Owholemodule";
				TARGETED_DEVICE_FAMILY = "1,2";
				VALIDATE_PRODUCT = YES;
			};
			name = Release;
		};
		8C7D38A31E64234700E3AD8E /* Debug */ = {
			isa = XCBuildConfiguration;
			baseConfigurationReference = F156073EEC67316EA33BA6C9 /* Pods-TweeterTwatter.debug.xcconfig */;
			buildSettings = {
				ASSETCATALOG_COMPILER_APPICON_NAME = AppIcon;
				INFOPLIST_FILE = TweeterTwatter/Info.plist;
				LD_RUNPATH_SEARCH_PATHS = "$(inherited) @executable_path/Frameworks";
				PRODUCT_BUNDLE_IDENTIFIER = "Daniel-Sung.TweeterTwatter";
				PRODUCT_NAME = "$(TARGET_NAME)";
				SWIFT_VERSION = 3.0;
			};
			name = Debug;
		};
		8C7D38A41E64234700E3AD8E /* Release */ = {
			isa = XCBuildConfiguration;
			baseConfigurationReference = EF04D2E47CB546497CAC2069 /* Pods-TweeterTwatter.release.xcconfig */;
			buildSettings = {
				ASSETCATALOG_COMPILER_APPICON_NAME = AppIcon;
				INFOPLIST_FILE = TweeterTwatter/Info.plist;
				LD_RUNPATH_SEARCH_PATHS = "$(inherited) @executable_path/Frameworks";
				PRODUCT_BUNDLE_IDENTIFIER = "Daniel-Sung.TweeterTwatter";
				PRODUCT_NAME = "$(TARGET_NAME)";
				SWIFT_VERSION = 3.0;
			};
			name = Release;
		};
/* End XCBuildConfiguration section */

/* Begin XCConfigurationList section */
		8C7D388B1E64234700E3AD8E /* Build configuration list for PBXProject "TweeterTwatter" */ = {
			isa = XCConfigurationList;
			buildConfigurations = (
				8C7D38A01E64234700E3AD8E /* Debug */,
				8C7D38A11E64234700E3AD8E /* Release */,
			);
			defaultConfigurationIsVisible = 0;
			defaultConfigurationName = Release;
		};
		8C7D38A21E64234700E3AD8E /* Build configuration list for PBXNativeTarget "TweeterTwatter" */ = {
			isa = XCConfigurationList;
			buildConfigurations = (
				8C7D38A31E64234700E3AD8E /* Debug */,
				8C7D38A41E64234700E3AD8E /* Release */,
			);
			defaultConfigurationIsVisible = 0;
			defaultConfigurationName = Release;
		};
/* End XCConfigurationList section */
	};
	rootObject = 8C7D38881E64234700E3AD8E /* Project object */;
}
